<?xml version="1.0" encoding="utf-8"?>
<Project ToolsVersion="4.0" xmlns="http://schemas.microsoft.com/developer/msbuild/2003">
  <ItemGroup>
    <Filter Include="Source Files">
      <UniqueIdentifier>{4FC737F1-C7A5-4376-A066-2A32D752A2FF}</UniqueIdentifier>
      <Extensions>cpp;c;cc;cxx;c++;cppm;ixx;def;odl;idl;hpj;bat;asm;asmx</Extensions>
    </Filter>
    <Filter Include="Source Files\components">
      <UniqueIdentifier>{fbf8259a-02da-4854-b6c6-a9d62a356a23}</UniqueIdentifier>
    </Filter>
  </ItemGroup>
  <ItemGroup>
    <ClInclude Include="..\..\tools\game_particle_effects_editor_macos\defines.h">
      <Filter>Source Files</Filter>
    </ClInclude>
    <ClInclude Include="..\..\tools\game_particle_effects_editor_macos\game.h">
      <Filter>Source Files</Filter>
    </ClInclude>
    <ClInclude Include="..\..\tools\game_particle_effects_editor_macos\scene_main.h">
      <Filter>Source Files</Filter>
    </ClInclude>
    <ClInclude Include="..\..\tools\game_particle_effects_editor_macos\components\action_panel.h">
      <Filter>Source Files\components</Filter>
    </ClInclude>
    <ClInclude Include="..\..\tools\game_particle_effects_editor_macos\components\inspector_panel.h">
      <Filter>Source Files\components</Filter>
    </ClInclude>
    <ClInclude Include="..\..\tools\game_particle_effects_editor_macos\components\plane_renderer.h">
      <Filter>Source Files\components</Filter>
    </ClInclude>
  </ItemGroup>
  <ItemGroup>
    <ClCompile Include="..\..\tools\game_particle_effects_editor_macos\game.cc">
      <Filter>Source Files</Filter>
    </ClCompile>
    <ClCompile Include="..\..\tools\game_particle_effects_editor_macos\scene_main.cc">
      <Filter>Source Files</Filter>
    </ClCompile>
    <ClCompile Include="..\..\tools\game_particle_effects_editor_macos\components\action_panel.cc">
      <Filter>Source Files\components</Filter>
    </ClCompile>
    <ClCompile Include="..\..\tools\game_particle_effects_editor_macos\components\inspector_panel.cc">
      <Filter>Source Files\components</Filter>
    </ClCompile>
    <ClCompile Include="..\..\tools\game_particle_effects_editor_macos\components\plane_renderer.cc">
      <Filter>Source Files\components</Filter>
    </ClCompile>
  </ItemGroup>
</Project>