<?xml version="1.0" encoding="utf-8"?>
<Project ToolsVersion="4.0" xmlns="http://schemas.microsoft.com/developer/msbuild/2003">
  <ItemGroup>
    <Filter Include="Source Files">
      <UniqueIdentifier>{4FC737F1-C7A5-4376-A066-2A32D752A2FF}</UniqueIdentifier>
      <Extensions>cpp;c;cc;cxx;c++;cppm;ixx;def;odl;idl;hpj;bat;asm;asmx</Extensions>
    </Filter>
    <Filter Include="Source Files\components">
      <UniqueIdentifier>{9433a57f-0d06-42bc-96fc-ad73f01cba52}</UniqueIdentifier>
    </Filter>
  </ItemGroup>
  <ItemGroup>
    <ClInclude Include="..\..\game\game.h">
      <Filter>Source Files</Filter>
    </ClInclude>
    <ClInclude Include="..\..\game\defines.h">
      <Filter>Source Files</Filter>
    </ClInclude>
    <ClInclude Include="..\..\game\scene_level.h">
      <Filter>Source Files</Filter>
    </ClInclude>
    <ClInclude Include="..\..\game\components\imgui_test.h">
      <Filter>Source Files\components</Filter>
    </ClInclude>
  </ItemGroup>
  <ItemGroup>
    <ClCompile Include="..\..\game\game.cc">
      <Filter>Source Files</Filter>
    </ClCompile>
    <ClCompile Include="..\..\game\scene_level.cc">
      <Filter>Source Files</Filter>
    </ClCompile>
    <ClCompile Include="..\..\game\components\imgui_test.cc">
      <Filter>Source Files\components</Filter>
    </ClCompile>
  </ItemGroup>
</Project>