<?xml version="1.0" encoding="utf-8"?>
<Project ToolsVersion="4.0" xmlns="http://schemas.microsoft.com/developer/msbuild/2003">
  <ItemGroup>
    <Filter Include="Source Files">
      <UniqueIdentifier>{4FC737F1-C7A5-4376-A066-2A32D752A2FF}</UniqueIdentifier>
      <Extensions>cpp;c;cc;cxx;c++;cppm;ixx;def;odl;idl;hpj;bat;asm;asmx</Extensions>
    </Filter>
    <Filter Include="Source Files\application">
      <UniqueIdentifier>{ec45afdd-c8c6-46bc-acf4-3bfc4cfa0710}</UniqueIdentifier>
    </Filter>
    <Filter Include="Source Files\game">
      <UniqueIdentifier>{09bef9a9-87e2-4551-92b6-fd1945bd9490}</UniqueIdentifier>
    </Filter>
    <Filter Include="Source Files\application\windows">
      <UniqueIdentifier>{a8823dad-838f-4703-a3fa-4e12ebdc48a4}</UniqueIdentifier>
    </Filter>
    <Filter Include="Source Files\common">
      <UniqueIdentifier>{62353607-0dc6-4f72-b881-97fb669f9283}</UniqueIdentifier>
    </Filter>
    <Filter Include="Source Files\game\components">
      <UniqueIdentifier>{f5cf8de6-60f0-449b-bf7f-daa6b435ad88}</UniqueIdentifier>
    </Filter>
    <Filter Include="Source Files\application\opengl">
      <UniqueIdentifier>{1d95b14f-ab13-4178-b181-05b28c1a6e60}</UniqueIdentifier>
    </Filter>
    <Filter Include="Source Files\game\actions">
      <UniqueIdentifier>{ea88b508-59ff-461b-a10c-0a4daea54f76}</UniqueIdentifier>
    </Filter>
    <Filter Include="Source Files\thirdparty">
      <UniqueIdentifier>{d3efb89a-94b6-4f8a-b4ef-e5b65f1af150}</UniqueIdentifier>
    </Filter>
    <Filter Include="Source Files\thirdparty\nlohmann-json">
      <UniqueIdentifier>{30e35388-bbcf-46f9-bb99-065f84d9e332}</UniqueIdentifier>
    </Filter>
    <Filter Include="Source Files\thirdparty\imgui">
      <UniqueIdentifier>{64adf668-b4b8-4b54-a77a-c37c45cb6b9c}</UniqueIdentifier>
    </Filter>
    <Filter Include="Source Files\thirdparty\imgui\backends">
      <UniqueIdentifier>{33e94b84-f8a1-4b45-ae3f-0109c354ce6b}</UniqueIdentifier>
    </Filter>
    <Filter Include="Source Files\thirdparty\spine-cpp">
      <UniqueIdentifier>{f1ec9d29-fc78-4b65-b350-344ba709cba8}</UniqueIdentifier>
    </Filter>
    <Filter Include="Source Files\thirdparty\spine-cpp\src">
      <UniqueIdentifier>{85269acc-0aa5-4d96-897b-2352ac8615df}</UniqueIdentifier>
    </Filter>
    <Filter Include="Source Files\thirdparty\spine-cpp\src\spine">
      <UniqueIdentifier>{3cf1c524-ffb2-4798-9d7b-1e6e038f6207}</UniqueIdentifier>
    </Filter>
    <Filter Include="Source Files\thirdparty\spine-cpp\include">
      <UniqueIdentifier>{a56f31dd-5bf8-40c1-a10a-aa98b13af09a}</UniqueIdentifier>
    </Filter>
    <Filter Include="Source Files\thirdparty\spine-cpp\include\spine">
      <UniqueIdentifier>{af4dac45-7383-42dc-93b5-6b18e17db77d}</UniqueIdentifier>
    </Filter>
    <Filter Include="Source Files\game\features">
      <UniqueIdentifier>{152ce899-c932-4ba6-8058-4c9dbc30cd30}</UniqueIdentifier>
    </Filter>
    <Filter Include="Source Files\game\features\spine">
      <UniqueIdentifier>{fcf419ea-c36f-4c16-9a30-a96b712b9d8f}</UniqueIdentifier>
    </Filter>
    <Filter Include="Source Files\game\features\particle_system">
      <UniqueIdentifier>{5b3bf56b-3523-4c33-9a9c-39c8e57d2795}</UniqueIdentifier>
    </Filter>
    <Filter Include="Source Files\game\features\tiled">
      <UniqueIdentifier>{1410468f-b0ae-4ae7-b6f5-1ff46b4aeaff}</UniqueIdentifier>
    </Filter>
    <Filter Include="Source Files\game\prefabs">
      <UniqueIdentifier>{2c2a32f5-02e3-4dee-bf11-757114f7d199}</UniqueIdentifier>
    </Filter>
    <Filter Include="Source Files\thirdparty\tinyfiledialogs">
      <UniqueIdentifier>{ccf39eae-754c-474d-83c8-3b899f41fb9e}</UniqueIdentifier>
    </Filter>
  </ItemGroup>
  <ItemGroup>
    <ClInclude Include="..\..\snowpulse\defines.h">
      <Filter>Source Files</Filter>
    </ClInclude>
    <ClInclude Include="..\..\snowpulse\snowpulse.h">
      <Filter>Source Files</Filter>
    </ClInclude>
    <ClInclude Include="..\..\snowpulse\game\action.h">
      <Filter>Source Files\game</Filter>
    </ClInclude>
    <ClInclude Include="..\..\snowpulse\game\action_manager.h">
      <Filter>Source Files\game</Filter>
    </ClInclude>
    <ClInclude Include="..\..\snowpulse\game\component.h">
      <Filter>Source Files\game</Filter>
    </ClInclude>
    <ClInclude Include="..\..\snowpulse\game\drawable.h">
      <Filter>Source Files\game</Filter>
    </ClInclude>
    <ClInclude Include="..\..\snowpulse\game\game.h">
      <Filter>Source Files\game</Filter>
    </ClInclude>
    <ClInclude Include="..\..\snowpulse\game\game_object.h">
      <Filter>Source Files\game</Filter>
    </ClInclude>
    <ClInclude Include="..\..\snowpulse\game\node.h">
      <Filter>Source Files\game</Filter>
    </ClInclude>
    <ClInclude Include="..\..\snowpulse\game\node_starter.h">
      <Filter>Source Files\game</Filter>
    </ClInclude>
    <ClInclude Include="..\..\snowpulse\game\scene.h">
      <Filter>Source Files\game</Filter>
    </ClInclude>
    <ClInclude Include="..\..\snowpulse\game\updatable.h">
      <Filter>Source Files\game</Filter>
    </ClInclude>
    <ClInclude Include="..\..\snowpulse\game\components\font_renderer.h">
      <Filter>Source Files\game\components</Filter>
    </ClInclude>
    <ClInclude Include="..\..\snowpulse\game\components\spine_renderer.h">
      <Filter>Source Files\game\components</Filter>
    </ClInclude>
    <ClInclude Include="..\..\snowpulse\game\components\sprite_renderer.h">
      <Filter>Source Files\game\components</Filter>
    </ClInclude>
    <ClInclude Include="..\..\snowpulse\game\components\transform.h">
      <Filter>Source Files\game\components</Filter>
    </ClInclude>
    <ClInclude Include="..\..\snowpulse\game\actions\action_interpolate.h">
      <Filter>Source Files\game\actions</Filter>
    </ClInclude>
    <ClInclude Include="..\..\snowpulse\game\actions\action_move.h">
      <Filter>Source Files\game\actions</Filter>
    </ClInclude>
    <ClInclude Include="..\..\snowpulse\game\actions\action_rotate.h">
      <Filter>Source Files\game\actions</Filter>
    </ClInclude>
    <ClInclude Include="..\..\snowpulse\game\actions\action_wait.h">
      <Filter>Source Files\game\actions</Filter>
    </ClInclude>
    <ClInclude Include="..\..\snowpulse\common\atlas_sprite.h">
      <Filter>Source Files\common</Filter>
    </ClInclude>
    <ClInclude Include="..\..\snowpulse\common\blend_mode.h">
      <Filter>Source Files\common</Filter>
    </ClInclude>
    <ClInclude Include="..\..\snowpulse\common\color.h">
      <Filter>Source Files\common</Filter>
    </ClInclude>
    <ClInclude Include="..\..\snowpulse\common\easing.h">
      <Filter>Source Files\common</Filter>
    </ClInclude>
    <ClInclude Include="..\..\snowpulse\common\json_utils.h">
      <Filter>Source Files\common</Filter>
    </ClInclude>
    <ClInclude Include="..\..\snowpulse\common\math_utils.h">
      <Filter>Source Files\common</Filter>
    </ClInclude>
    <ClInclude Include="..\..\snowpulse\common\matrix4x4.h">
      <Filter>Source Files\common</Filter>
    </ClInclude>
    <ClInclude Include="..\..\snowpulse\common\path_type.h">
      <Filter>Source Files\common</Filter>
    </ClInclude>
    <ClInclude Include="..\..\snowpulse\common\platform.h">
      <Filter>Source Files\common</Filter>
    </ClInclude>
    <ClInclude Include="..\..\snowpulse\common\rect.h">
      <Filter>Source Files\common</Filter>
    </ClInclude>
    <ClInclude Include="..\..\snowpulse\common\rect_stb.h">
      <Filter>Source Files\common</Filter>
    </ClInclude>
    <ClInclude Include="..\..\snowpulse\common\singleton.h">
      <Filter>Source Files\common</Filter>
    </ClInclude>
    <ClInclude Include="..\..\snowpulse\common\space.h">
      <Filter>Source Files\common</Filter>
    </ClInclude>
    <ClInclude Include="..\..\snowpulse\common\texture_filtering.h">
      <Filter>Source Files\common</Filter>
    </ClInclude>
    <ClInclude Include="..\..\snowpulse\common\touch.h">
      <Filter>Source Files\common</Filter>
    </ClInclude>
    <ClInclude Include="..\..\snowpulse\common\touch_phase.h">
      <Filter>Source Files\common</Filter>
    </ClInclude>
    <ClInclude Include="..\..\snowpulse\common\vector2.h">
      <Filter>Source Files\common</Filter>
    </ClInclude>
    <ClInclude Include="..\..\snowpulse\common\vector2int.h">
      <Filter>Source Files\common</Filter>
    </ClInclude>
    <ClInclude Include="..\..\snowpulse\common\vector3.h">
      <Filter>Source Files\common</Filter>
    </ClInclude>
    <ClInclude Include="..\..\snowpulse\common\vertex.h">
      <Filter>Source Files\common</Filter>
    </ClInclude>
    <ClInclude Include="..\..\snowpulse\application\application.h">
      <Filter>Source Files\application</Filter>
    </ClInclude>
    <ClInclude Include="..\..\snowpulse\application\atlas_manager.h">
      <Filter>Source Files\application</Filter>
    </ClInclude>
    <ClInclude Include="..\..\snowpulse\application\camera.h">
      <Filter>Source Files\application</Filter>
    </ClInclude>
    <ClInclude Include="..\..\snowpulse\application\directory.h">
      <Filter>Source Files\application</Filter>
    </ClInclude>
    <ClInclude Include="..\..\snowpulse\application\font_manager.h">
      <Filter>Source Files\application</Filter>
    </ClInclude>
    <ClInclude Include="..\..\snowpulse\application\graphics.h">
      <Filter>Source Files\application</Filter>
    </ClInclude>
    <ClInclude Include="..\..\snowpulse\application\input.h">
      <Filter>Source Files\application</Filter>
    </ClInclude>
    <ClInclude Include="..\..\snowpulse\application\render_batch.h">
      <Filter>Source Files\application</Filter>
    </ClInclude>
    <ClInclude Include="..\..\snowpulse\application\render_batch_type.h">
      <Filter>Source Files\application</Filter>
    </ClInclude>
    <ClInclude Include="..\..\snowpulse\application\timer.h">
      <Filter>Source Files\application</Filter>
    </ClInclude>
    <ClInclude Include="..\..\snowpulse\application\opengl\application_opengl.h">
      <Filter>Source Files\application\opengl</Filter>
    </ClInclude>
    <ClInclude Include="..\..\snowpulse\application\opengl\graphics_opengl.h">
      <Filter>Source Files\application\opengl</Filter>
    </ClInclude>
    <ClInclude Include="..\..\snowpulse\application\opengl\render_batch_data_opengl.h">
      <Filter>Source Files\application\opengl</Filter>
    </ClInclude>
    <ClInclude Include="..\..\snowpulse\application\opengl\render_batch_group_opengl.h">
      <Filter>Source Files\application\opengl</Filter>
    </ClInclude>
    <ClInclude Include="..\..\snowpulse\application\opengl\render_queue_opengl.h">
      <Filter>Source Files\application\opengl</Filter>
    </ClInclude>
    <ClInclude Include="..\..\snowpulse\application\windows\application_windows.h">
      <Filter>Source Files\application\windows</Filter>
    </ClInclude>
    <ClInclude Include="..\..\thirdparty\nlohmann-json\json.hpp">
      <Filter>Source Files\thirdparty\nlohmann-json</Filter>
    </ClInclude>
    <ClInclude Include="..\..\snowpulse\application\windows\directory_windows.h">
      <Filter>Source Files\application\windows</Filter>
    </ClInclude>
    <ClInclude Include="..\..\snowpulse\application\windows\input_windows.h">
      <Filter>Source Files\application\windows</Filter>
    </ClInclude>
    <ClInclude Include="..\..\thirdparty\imgui\imconfig.h">
      <Filter>Source Files\thirdparty\imgui</Filter>
    </ClInclude>
    <ClInclude Include="..\..\thirdparty\imgui\imgui.h">
      <Filter>Source Files\thirdparty\imgui</Filter>
    </ClInclude>
    <ClInclude Include="..\..\thirdparty\imgui\imgui_internal.h">
      <Filter>Source Files\thirdparty\imgui</Filter>
    </ClInclude>
    <ClInclude Include="..\..\thirdparty\imgui\imstb_rectpack.h">
      <Filter>Source Files\thirdparty\imgui</Filter>
    </ClInclude>
    <ClInclude Include="..\..\thirdparty\imgui\imstb_textedit.h">
      <Filter>Source Files\thirdparty\imgui</Filter>
    </ClInclude>
    <ClInclude Include="..\..\thirdparty\imgui\imstb_truetype.h">
      <Filter>Source Files\thirdparty\imgui</Filter>
    </ClInclude>
    <ClInclude Include="..\..\thirdparty\imgui\backends\imgui_impl_glfw.h">
      <Filter>Source Files\thirdparty\imgui\backends</Filter>
    </ClInclude>
    <ClInclude Include="..\..\thirdparty\imgui\backends\imgui_impl_opengl3.h">
      <Filter>Source Files\thirdparty\imgui\backends</Filter>
    </ClInclude>
    <ClInclude Include="..\..\thirdparty\imgui\backends\imgui_impl_opengl3_loader.h">
      <Filter>Source Files\thirdparty\imgui\backends</Filter>
    </ClInclude>
    <ClInclude Include="..\..\thirdparty\spine-cpp\include\spine\Animation.h">
      <Filter>Source Files\thirdparty\spine-cpp\include\spine</Filter>
    </ClInclude>
    <ClInclude Include="..\..\thirdparty\spine-cpp\include\spine\AnimationState.h">
      <Filter>Source Files\thirdparty\spine-cpp\include\spine</Filter>
    </ClInclude>
    <ClInclude Include="..\..\thirdparty\spine-cpp\include\spine\AnimationStateData.h">
      <Filter>Source Files\thirdparty\spine-cpp\include\spine</Filter>
    </ClInclude>
    <ClInclude Include="..\..\thirdparty\spine-cpp\include\spine\Atlas.h">
      <Filter>Source Files\thirdparty\spine-cpp\include\spine</Filter>
    </ClInclude>
    <ClInclude Include="..\..\thirdparty\spine-cpp\include\spine\AtlasAttachmentLoader.h">
      <Filter>Source Files\thirdparty\spine-cpp\include\spine</Filter>
    </ClInclude>
    <ClInclude Include="..\..\thirdparty\spine-cpp\include\spine\Attachment.h">
      <Filter>Source Files\thirdparty\spine-cpp\include\spine</Filter>
    </ClInclude>
    <ClInclude Include="..\..\thirdparty\spine-cpp\include\spine\AttachmentLoader.h">
      <Filter>Source Files\thirdparty\spine-cpp\include\spine</Filter>
    </ClInclude>
    <ClInclude Include="..\..\thirdparty\spine-cpp\include\spine\AttachmentTimeline.h">
      <Filter>Source Files\thirdparty\spine-cpp\include\spine</Filter>
    </ClInclude>
    <ClInclude Include="..\..\thirdparty\spine-cpp\include\spine\AttachmentType.h">
      <Filter>Source Files\thirdparty\spine-cpp\include\spine</Filter>
    </ClInclude>
    <ClInclude Include="..\..\thirdparty\spine-cpp\include\spine\BlendMode.h">
      <Filter>Source Files\thirdparty\spine-cpp\include\spine</Filter>
    </ClInclude>
    <ClInclude Include="..\..\thirdparty\spine-cpp\include\spine\Bone.h">
      <Filter>Source Files\thirdparty\spine-cpp\include\spine</Filter>
    </ClInclude>
    <ClInclude Include="..\..\thirdparty\spine-cpp\include\spine\BoneData.h">
      <Filter>Source Files\thirdparty\spine-cpp\include\spine</Filter>
    </ClInclude>
    <ClInclude Include="..\..\thirdparty\spine-cpp\include\spine\BoundingBoxAttachment.h">
      <Filter>Source Files\thirdparty\spine-cpp\include\spine</Filter>
    </ClInclude>
    <ClInclude Include="..\..\thirdparty\spine-cpp\include\spine\ClippingAttachment.h">
      <Filter>Source Files\thirdparty\spine-cpp\include\spine</Filter>
    </ClInclude>
    <ClInclude Include="..\..\thirdparty\spine-cpp\include\spine\Color.h">
      <Filter>Source Files\thirdparty\spine-cpp\include\spine</Filter>
    </ClInclude>
    <ClInclude Include="..\..\thirdparty\spine-cpp\include\spine\ColorTimeline.h">
      <Filter>Source Files\thirdparty\spine-cpp\include\spine</Filter>
    </ClInclude>
    <ClInclude Include="..\..\thirdparty\spine-cpp\include\spine\ConstraintData.h">
      <Filter>Source Files\thirdparty\spine-cpp\include\spine</Filter>
    </ClInclude>
    <ClInclude Include="..\..\thirdparty\spine-cpp\include\spine\ContainerUtil.h">
      <Filter>Source Files\thirdparty\spine-cpp\include\spine</Filter>
    </ClInclude>
    <ClInclude Include="..\..\thirdparty\spine-cpp\include\spine\CurveTimeline.h">
      <Filter>Source Files\thirdparty\spine-cpp\include\spine</Filter>
    </ClInclude>
    <ClInclude Include="..\..\thirdparty\spine-cpp\include\spine\Debug.h">
      <Filter>Source Files\thirdparty\spine-cpp\include\spine</Filter>
    </ClInclude>
    <ClInclude Include="..\..\thirdparty\spine-cpp\include\spine\DeformTimeline.h">
      <Filter>Source Files\thirdparty\spine-cpp\include\spine</Filter>
    </ClInclude>
    <ClInclude Include="..\..\thirdparty\spine-cpp\include\spine\dll.h">
      <Filter>Source Files\thirdparty\spine-cpp\include\spine</Filter>
    </ClInclude>
    <ClInclude Include="..\..\thirdparty\spine-cpp\include\spine\DrawOrderTimeline.h">
      <Filter>Source Files\thirdparty\spine-cpp\include\spine</Filter>
    </ClInclude>
    <ClInclude Include="..\..\thirdparty\spine-cpp\include\spine\Event.h">
      <Filter>Source Files\thirdparty\spine-cpp\include\spine</Filter>
    </ClInclude>
    <ClInclude Include="..\..\thirdparty\spine-cpp\include\spine\EventData.h">
      <Filter>Source Files\thirdparty\spine-cpp\include\spine</Filter>
    </ClInclude>
    <ClInclude Include="..\..\thirdparty\spine-cpp\include\spine\EventTimeline.h">
      <Filter>Source Files\thirdparty\spine-cpp\include\spine</Filter>
    </ClInclude>
    <ClInclude Include="..\..\thirdparty\spine-cpp\include\spine\Extension.h">
      <Filter>Source Files\thirdparty\spine-cpp\include\spine</Filter>
    </ClInclude>
    <ClInclude Include="..\..\thirdparty\spine-cpp\include\spine\HashMap.h">
      <Filter>Source Files\thirdparty\spine-cpp\include\spine</Filter>
    </ClInclude>
    <ClInclude Include="..\..\thirdparty\spine-cpp\include\spine\HasRendererObject.h">
      <Filter>Source Files\thirdparty\spine-cpp\include\spine</Filter>
    </ClInclude>
    <ClInclude Include="..\..\thirdparty\spine-cpp\include\spine\IkConstraint.h">
      <Filter>Source Files\thirdparty\spine-cpp\include\spine</Filter>
    </ClInclude>
    <ClInclude Include="..\..\thirdparty\spine-cpp\include\spine\IkConstraintData.h">
      <Filter>Source Files\thirdparty\spine-cpp\include\spine</Filter>
    </ClInclude>
    <ClInclude Include="..\..\thirdparty\spine-cpp\include\spine\IkConstraintTimeline.h">
      <Filter>Source Files\thirdparty\spine-cpp\include\spine</Filter>
    </ClInclude>
    <ClInclude Include="..\..\thirdparty\spine-cpp\include\spine\Json.h">
      <Filter>Source Files\thirdparty\spine-cpp\include\spine</Filter>
    </ClInclude>
    <ClInclude Include="..\..\thirdparty\spine-cpp\include\spine\LinkedMesh.h">
      <Filter>Source Files\thirdparty\spine-cpp\include\spine</Filter>
    </ClInclude>
    <ClInclude Include="..\..\thirdparty\spine-cpp\include\spine\Log.h">
      <Filter>Source Files\thirdparty\spine-cpp\include\spine</Filter>
    </ClInclude>
    <ClInclude Include="..\..\thirdparty\spine-cpp\include\spine\MathUtil.h">
      <Filter>Source Files\thirdparty\spine-cpp\include\spine</Filter>
    </ClInclude>
    <ClInclude Include="..\..\thirdparty\spine-cpp\include\spine\MeshAttachment.h">
      <Filter>Source Files\thirdparty\spine-cpp\include\spine</Filter>
    </ClInclude>
    <ClInclude Include="..\..\thirdparty\spine-cpp\include\spine\MixBlend.h">
      <Filter>Source Files\thirdparty\spine-cpp\include\spine</Filter>
    </ClInclude>
    <ClInclude Include="..\..\thirdparty\spine-cpp\include\spine\MixDirection.h">
      <Filter>Source Files\thirdparty\spine-cpp\include\spine</Filter>
    </ClInclude>
    <ClInclude Include="..\..\thirdparty\spine-cpp\include\spine\PathAttachment.h">
      <Filter>Source Files\thirdparty\spine-cpp\include\spine</Filter>
    </ClInclude>
    <ClInclude Include="..\..\thirdparty\spine-cpp\include\spine\PathConstraint.h">
      <Filter>Source Files\thirdparty\spine-cpp\include\spine</Filter>
    </ClInclude>
    <ClInclude Include="..\..\thirdparty\spine-cpp\include\spine\PathConstraintData.h">
      <Filter>Source Files\thirdparty\spine-cpp\include\spine</Filter>
    </ClInclude>
    <ClInclude Include="..\..\thirdparty\spine-cpp\include\spine\PathConstraintMixTimeline.h">
      <Filter>Source Files\thirdparty\spine-cpp\include\spine</Filter>
    </ClInclude>
    <ClInclude Include="..\..\thirdparty\spine-cpp\include\spine\PathConstraintPositionTimeline.h">
      <Filter>Source Files\thirdparty\spine-cpp\include\spine</Filter>
    </ClInclude>
    <ClInclude Include="..\..\thirdparty\spine-cpp\include\spine\PathConstraintSpacingTimeline.h">
      <Filter>Source Files\thirdparty\spine-cpp\include\spine</Filter>
    </ClInclude>
    <ClInclude Include="..\..\thirdparty\spine-cpp\include\spine\PointAttachment.h">
      <Filter>Source Files\thirdparty\spine-cpp\include\spine</Filter>
    </ClInclude>
    <ClInclude Include="..\..\thirdparty\spine-cpp\include\spine\Pool.h">
      <Filter>Source Files\thirdparty\spine-cpp\include\spine</Filter>
    </ClInclude>
    <ClInclude Include="..\..\thirdparty\spine-cpp\include\spine\PositionMode.h">
      <Filter>Source Files\thirdparty\spine-cpp\include\spine</Filter>
    </ClInclude>
    <ClInclude Include="..\..\thirdparty\spine-cpp\include\spine\Property.h">
      <Filter>Source Files\thirdparty\spine-cpp\include\spine</Filter>
    </ClInclude>
    <ClInclude Include="..\..\thirdparty\spine-cpp\include\spine\RegionAttachment.h">
      <Filter>Source Files\thirdparty\spine-cpp\include\spine</Filter>
    </ClInclude>
    <ClInclude Include="..\..\thirdparty\spine-cpp\include\spine\RotateMode.h">
      <Filter>Source Files\thirdparty\spine-cpp\include\spine</Filter>
    </ClInclude>
    <ClInclude Include="..\..\thirdparty\spine-cpp\include\spine\RotateTimeline.h">
      <Filter>Source Files\thirdparty\spine-cpp\include\spine</Filter>
    </ClInclude>
    <ClInclude Include="..\..\thirdparty\spine-cpp\include\spine\RTTI.h">
      <Filter>Source Files\thirdparty\spine-cpp\include\spine</Filter>
    </ClInclude>
    <ClInclude Include="..\..\thirdparty\spine-cpp\include\spine\ScaleTimeline.h">
      <Filter>Source Files\thirdparty\spine-cpp\include\spine</Filter>
    </ClInclude>
    <ClInclude Include="..\..\thirdparty\spine-cpp\include\spine\Sequence.h">
      <Filter>Source Files\thirdparty\spine-cpp\include\spine</Filter>
    </ClInclude>
    <ClInclude Include="..\..\thirdparty\spine-cpp\include\spine\SequenceTimeline.h">
      <Filter>Source Files\thirdparty\spine-cpp\include\spine</Filter>
    </ClInclude>
    <ClInclude Include="..\..\thirdparty\spine-cpp\include\spine\ShearTimeline.h">
      <Filter>Source Files\thirdparty\spine-cpp\include\spine</Filter>
    </ClInclude>
    <ClInclude Include="..\..\thirdparty\spine-cpp\include\spine\Skeleton.h">
      <Filter>Source Files\thirdparty\spine-cpp\include\spine</Filter>
    </ClInclude>
    <ClInclude Include="..\..\thirdparty\spine-cpp\include\spine\SkeletonBinary.h">
      <Filter>Source Files\thirdparty\spine-cpp\include\spine</Filter>
    </ClInclude>
    <ClInclude Include="..\..\thirdparty\spine-cpp\include\spine\SkeletonBounds.h">
      <Filter>Source Files\thirdparty\spine-cpp\include\spine</Filter>
    </ClInclude>
    <ClInclude Include="..\..\thirdparty\spine-cpp\include\spine\SkeletonClipping.h">
      <Filter>Source Files\thirdparty\spine-cpp\include\spine</Filter>
    </ClInclude>
    <ClInclude Include="..\..\thirdparty\spine-cpp\include\spine\SkeletonData.h">
      <Filter>Source Files\thirdparty\spine-cpp\include\spine</Filter>
    </ClInclude>
    <ClInclude Include="..\..\thirdparty\spine-cpp\include\spine\SkeletonJson.h">
      <Filter>Source Files\thirdparty\spine-cpp\include\spine</Filter>
    </ClInclude>
    <ClInclude Include="..\..\thirdparty\spine-cpp\include\spine\Skin.h">
      <Filter>Source Files\thirdparty\spine-cpp\include\spine</Filter>
    </ClInclude>
    <ClInclude Include="..\..\thirdparty\spine-cpp\include\spine\Slot.h">
      <Filter>Source Files\thirdparty\spine-cpp\include\spine</Filter>
    </ClInclude>
    <ClInclude Include="..\..\thirdparty\spine-cpp\include\spine\SlotData.h">
      <Filter>Source Files\thirdparty\spine-cpp\include\spine</Filter>
    </ClInclude>
    <ClInclude Include="..\..\thirdparty\spine-cpp\include\spine\SpacingMode.h">
      <Filter>Source Files\thirdparty\spine-cpp\include\spine</Filter>
    </ClInclude>
    <ClInclude Include="..\..\thirdparty\spine-cpp\include\spine\spine.h">
      <Filter>Source Files\thirdparty\spine-cpp\include\spine</Filter>
    </ClInclude>
    <ClInclude Include="..\..\thirdparty\spine-cpp\include\spine\SpineObject.h">
      <Filter>Source Files\thirdparty\spine-cpp\include\spine</Filter>
    </ClInclude>
    <ClInclude Include="..\..\thirdparty\spine-cpp\include\spine\SpineString.h">
      <Filter>Source Files\thirdparty\spine-cpp\include\spine</Filter>
    </ClInclude>
    <ClInclude Include="..\..\thirdparty\spine-cpp\include\spine\TextureLoader.h">
      <Filter>Source Files\thirdparty\spine-cpp\include\spine</Filter>
    </ClInclude>
    <ClInclude Include="..\..\thirdparty\spine-cpp\include\spine\TextureRegion.h">
      <Filter>Source Files\thirdparty\spine-cpp\include\spine</Filter>
    </ClInclude>
    <ClInclude Include="..\..\thirdparty\spine-cpp\include\spine\Timeline.h">
      <Filter>Source Files\thirdparty\spine-cpp\include\spine</Filter>
    </ClInclude>
    <ClInclude Include="..\..\thirdparty\spine-cpp\include\spine\TransformConstraint.h">
      <Filter>Source Files\thirdparty\spine-cpp\include\spine</Filter>
    </ClInclude>
    <ClInclude Include="..\..\thirdparty\spine-cpp\include\spine\TransformConstraintData.h">
      <Filter>Source Files\thirdparty\spine-cpp\include\spine</Filter>
    </ClInclude>
    <ClInclude Include="..\..\thirdparty\spine-cpp\include\spine\TransformConstraintTimeline.h">
      <Filter>Source Files\thirdparty\spine-cpp\include\spine</Filter>
    </ClInclude>
    <ClInclude Include="..\..\thirdparty\spine-cpp\include\spine\TransformMode.h">
      <Filter>Source Files\thirdparty\spine-cpp\include\spine</Filter>
    </ClInclude>
    <ClInclude Include="..\..\thirdparty\spine-cpp\include\spine\TranslateTimeline.h">
      <Filter>Source Files\thirdparty\spine-cpp\include\spine</Filter>
    </ClInclude>
    <ClInclude Include="..\..\thirdparty\spine-cpp\include\spine\Triangulator.h">
      <Filter>Source Files\thirdparty\spine-cpp\include\spine</Filter>
    </ClInclude>
    <ClInclude Include="..\..\thirdparty\spine-cpp\include\spine\Updatable.h">
      <Filter>Source Files\thirdparty\spine-cpp\include\spine</Filter>
    </ClInclude>
    <ClInclude Include="..\..\thirdparty\spine-cpp\include\spine\Vector.h">
      <Filter>Source Files\thirdparty\spine-cpp\include\spine</Filter>
    </ClInclude>
    <ClInclude Include="..\..\thirdparty\spine-cpp\include\spine\Version.h">
      <Filter>Source Files\thirdparty\spine-cpp\include\spine</Filter>
    </ClInclude>
    <ClInclude Include="..\..\thirdparty\spine-cpp\include\spine\VertexAttachment.h">
      <Filter>Source Files\thirdparty\spine-cpp\include\spine</Filter>
    </ClInclude>
    <ClInclude Include="..\..\thirdparty\spine-cpp\include\spine\Vertices.h">
      <Filter>Source Files\thirdparty\spine-cpp\include\spine</Filter>
    </ClInclude>
    <ClInclude Include="..\..\snowpulse\common\string_utils.h">
      <Filter>Source Files\common</Filter>
    </ClInclude>
    <ClInclude Include="..\..\snowpulse\common\text_alignment.h">
      <Filter>Source Files\common</Filter>
    </ClInclude>
    <ClInclude Include="..\..\snowpulse\game\components\button.h">
      <Filter>Source Files\game\components</Filter>
    </ClInclude>
    <ClInclude Include="..\..\snowpulse\game\components\particle_effects_renderer.h">
      <Filter>Source Files\game\components</Filter>
    </ClInclude>
    <ClInclude Include="..\..\snowpulse\game\components\rect_renderer.h">
      <Filter>Source Files\game\components</Filter>
    </ClInclude>
    <ClInclude Include="..\..\snowpulse\game\components\renderer.h">
      <Filter>Source Files\game\components</Filter>
    </ClInclude>
    <ClInclude Include="..\..\snowpulse\game\components\tiled_renderer.h">
      <Filter>Source Files\game\components</Filter>
    </ClInclude>
    <ClInclude Include="..\..\snowpulse\game\features\particle_system\particle_data.h">
      <Filter>Source Files\game\features\particle_system</Filter>
    </ClInclude>
    <ClInclude Include="..\..\snowpulse\game\features\particle_system\particle_system.h">
      <Filter>Source Files\game\features\particle_system</Filter>
    </ClInclude>
    <ClInclude Include="..\..\snowpulse\game\features\particle_system\particle_system_settings.h">
      <Filter>Source Files\game\features\particle_system</Filter>
    </ClInclude>
    <ClInclude Include="..\..\snowpulse\game\features\tiled\tiled_data_grid.h">
      <Filter>Source Files\game\features\tiled</Filter>
    </ClInclude>
    <ClInclude Include="..\..\snowpulse\game\features\tiled\tiled_data_layer.h">
      <Filter>Source Files\game\features\tiled</Filter>
    </ClInclude>
    <ClInclude Include="..\..\snowpulse\game\features\tiled\tiled_data_map.h">
      <Filter>Source Files\game\features\tiled</Filter>
    </ClInclude>
    <ClInclude Include="..\..\snowpulse\game\features\tiled\tiled_data_tile.h">
      <Filter>Source Files\game\features\tiled</Filter>
    </ClInclude>
    <ClInclude Include="..\..\snowpulse\game\features\tiled\tiled_data_tileset.h">
      <Filter>Source Files\game\features\tiled</Filter>
    </ClInclude>
    <ClInclude Include="..\..\snowpulse\game\features\tiled\tiled_map.h">
      <Filter>Source Files\game\features\tiled</Filter>
    </ClInclude>
    <ClInclude Include="..\..\snowpulse\game\prefabs\prefab_button.h">
      <Filter>Source Files\game\prefabs</Filter>
    </ClInclude>
    <ClInclude Include="..\..\thirdparty\tinyfiledialogs\tinyfiledialogs.h">
      <Filter>Source Files\thirdparty\tinyfiledialogs</Filter>
    </ClInclude>
    <ClInclude Include="..\..\snowpulse\game\features\spine\spine_skeleton_animation.h">
      <Filter>Source Files\game\features\spine</Filter>
    </ClInclude>
    <ClInclude Include="..\..\snowpulse\game\features\spine\spine_texture_loader.h">
      <Filter>Source Files\game\features\spine</Filter>
    </ClInclude>
  </ItemGroup>
  <ItemGroup>
    <ClCompile Include="..\..\snowpulse\game\action.cc">
      <Filter>Source Files\game</Filter>
    </ClCompile>
    <ClCompile Include="..\..\snowpulse\game\action_manager.cc">
      <Filter>Source Files\game</Filter>
    </ClCompile>
    <ClCompile Include="..\..\snowpulse\game\component.cc">
      <Filter>Source Files\game</Filter>
    </ClCompile>
    <ClCompile Include="..\..\snowpulse\game\game.cc">
      <Filter>Source Files\game</Filter>
    </ClCompile>
    <ClCompile Include="..\..\snowpulse\game\game_object.cc">
      <Filter>Source Files\game</Filter>
    </ClCompile>
    <ClCompile Include="..\..\snowpulse\game\node.cc">
      <Filter>Source Files\game</Filter>
    </ClCompile>
    <ClCompile Include="..\..\snowpulse\game\node_starter.cc">
      <Filter>Source Files\game</Filter>
    </ClCompile>
    <ClCompile Include="..\..\snowpulse\game\scene.cc">
      <Filter>Source Files\game</Filter>
    </ClCompile>
    <ClCompile Include="..\..\snowpulse\game\components\font_renderer.cc">
      <Filter>Source Files\game\components</Filter>
    </ClCompile>
    <ClCompile Include="..\..\snowpulse\game\components\spine_renderer.cc">
      <Filter>Source Files\game\components</Filter>
    </ClCompile>
    <ClCompile Include="..\..\snowpulse\game\components\sprite_renderer.cc">
      <Filter>Source Files\game\components</Filter>
    </ClCompile>
    <ClCompile Include="..\..\snowpulse\game\components\transform.cc">
      <Filter>Source Files\game\components</Filter>
    </ClCompile>
    <ClCompile Include="..\..\snowpulse\game\actions\action_interpolate.cc">
      <Filter>Source Files\game\actions</Filter>
    </ClCompile>
    <ClCompile Include="..\..\snowpulse\game\actions\action_move.cc">
      <Filter>Source Files\game\actions</Filter>
    </ClCompile>
    <ClCompile Include="..\..\snowpulse\game\actions\action_rotate.cc">
      <Filter>Source Files\game\actions</Filter>
    </ClCompile>
    <ClCompile Include="..\..\snowpulse\game\actions\action_wait.cc">
      <Filter>Source Files\game\actions</Filter>
    </ClCompile>
    <ClCompile Include="..\..\snowpulse\common\json_utils.cc">
      <Filter>Source Files\common</Filter>
    </ClCompile>
    <ClCompile Include="..\..\snowpulse\application\application.cc">
      <Filter>Source Files\application</Filter>
    </ClCompile>
    <ClCompile Include="..\..\snowpulse\application\atlas_manager.cc">
      <Filter>Source Files\application</Filter>
    </ClCompile>
    <ClCompile Include="..\..\snowpulse\application\camera.cc">
      <Filter>Source Files\application</Filter>
    </ClCompile>
    <ClCompile Include="..\..\snowpulse\application\directory.cc">
      <Filter>Source Files\application</Filter>
    </ClCompile>
    <ClCompile Include="..\..\snowpulse\application\font_manager.cc">
      <Filter>Source Files\application</Filter>
    </ClCompile>
    <ClCompile Include="..\..\snowpulse\application\input.cc">
      <Filter>Source Files\application</Filter>
    </ClCompile>
    <ClCompile Include="..\..\snowpulse\application\timer.cc">
      <Filter>Source Files\application</Filter>
    </ClCompile>
    <ClCompile Include="..\..\snowpulse\application\opengl\application_opengl.cc">
      <Filter>Source Files\application\opengl</Filter>
    </ClCompile>
    <ClCompile Include="..\..\snowpulse\application\opengl\graphics_opengl.cc">
      <Filter>Source Files\application\opengl</Filter>
    </ClCompile>
    <ClCompile Include="..\..\snowpulse\application\opengl\render_queue_opengl.cc">
      <Filter>Source Files\application\opengl</Filter>
    </ClCompile>
    <ClCompile Include="..\..\snowpulse\application\windows\application_windows.cc">
      <Filter>Source Files\application\windows</Filter>
    </ClCompile>
    <ClCompile Include="..\..\snowpulse\application\windows\directory_windows.cc">
      <Filter>Source Files\application\windows</Filter>
    </ClCompile>
    <ClCompile Include="..\..\snowpulse\application\windows\input_windows.cc">
      <Filter>Source Files\application\windows</Filter>
    </ClCompile>
    <ClCompile Include="..\..\thirdparty\glad\src\glad.c">
      <Filter>Source Files\application\windows</Filter>
    </ClCompile>
    <ClCompile Include="..\..\thirdparty\imgui\imgui.cpp">
      <Filter>Source Files\thirdparty\imgui</Filter>
    </ClCompile>
    <ClCompile Include="..\..\thirdparty\imgui\imgui_demo.cpp">
      <Filter>Source Files\thirdparty\imgui</Filter>
    </ClCompile>
    <ClCompile Include="..\..\thirdparty\imgui\imgui_draw.cpp">
      <Filter>Source Files\thirdparty\imgui</Filter>
    </ClCompile>
    <ClCompile Include="..\..\thirdparty\imgui\imgui_tables.cpp">
      <Filter>Source Files\thirdparty\imgui</Filter>
    </ClCompile>
    <ClCompile Include="..\..\thirdparty\imgui\imgui_widgets.cpp">
      <Filter>Source Files\thirdparty\imgui</Filter>
    </ClCompile>
    <ClCompile Include="..\..\thirdparty\imgui\backends\imgui_impl_glfw.cpp">
      <Filter>Source Files\thirdparty\imgui\backends</Filter>
    </ClCompile>
    <ClCompile Include="..\..\thirdparty\imgui\backends\imgui_impl_opengl3.cpp">
      <Filter>Source Files\thirdparty\imgui\backends</Filter>
    </ClCompile>
    <ClCompile Include="..\..\thirdparty\spine-cpp\src\spine\Animation.cpp">
      <Filter>Source Files\thirdparty\spine-cpp\src\spine</Filter>
    </ClCompile>
    <ClCompile Include="..\..\thirdparty\spine-cpp\src\spine\AnimationState.cpp">
      <Filter>Source Files\thirdparty\spine-cpp\src\spine</Filter>
    </ClCompile>
    <ClCompile Include="..\..\thirdparty\spine-cpp\src\spine\AnimationStateData.cpp">
      <Filter>Source Files\thirdparty\spine-cpp\src\spine</Filter>
    </ClCompile>
    <ClCompile Include="..\..\thirdparty\spine-cpp\src\spine\Atlas.cpp">
      <Filter>Source Files\thirdparty\spine-cpp\src\spine</Filter>
    </ClCompile>
    <ClCompile Include="..\..\thirdparty\spine-cpp\src\spine\AtlasAttachmentLoader.cpp">
      <Filter>Source Files\thirdparty\spine-cpp\src\spine</Filter>
    </ClCompile>
    <ClCompile Include="..\..\thirdparty\spine-cpp\src\spine\Attachment.cpp">
      <Filter>Source Files\thirdparty\spine-cpp\src\spine</Filter>
    </ClCompile>
    <ClCompile Include="..\..\thirdparty\spine-cpp\src\spine\AttachmentLoader.cpp">
      <Filter>Source Files\thirdparty\spine-cpp\src\spine</Filter>
    </ClCompile>
    <ClCompile Include="..\..\thirdparty\spine-cpp\src\spine\AttachmentTimeline.cpp">
      <Filter>Source Files\thirdparty\spine-cpp\src\spine</Filter>
    </ClCompile>
    <ClCompile Include="..\..\thirdparty\spine-cpp\src\spine\Bone.cpp">
      <Filter>Source Files\thirdparty\spine-cpp\src\spine</Filter>
    </ClCompile>
    <ClCompile Include="..\..\thirdparty\spine-cpp\src\spine\BoneData.cpp">
      <Filter>Source Files\thirdparty\spine-cpp\src\spine</Filter>
    </ClCompile>
    <ClCompile Include="..\..\thirdparty\spine-cpp\src\spine\BoundingBoxAttachment.cpp">
      <Filter>Source Files\thirdparty\spine-cpp\src\spine</Filter>
    </ClCompile>
    <ClCompile Include="..\..\thirdparty\spine-cpp\src\spine\ClippingAttachment.cpp">
      <Filter>Source Files\thirdparty\spine-cpp\src\spine</Filter>
    </ClCompile>
    <ClCompile Include="..\..\thirdparty\spine-cpp\src\spine\ColorTimeline.cpp">
      <Filter>Source Files\thirdparty\spine-cpp\src\spine</Filter>
    </ClCompile>
    <ClCompile Include="..\..\thirdparty\spine-cpp\src\spine\ConstraintData.cpp">
      <Filter>Source Files\thirdparty\spine-cpp\src\spine</Filter>
    </ClCompile>
    <ClCompile Include="..\..\thirdparty\spine-cpp\src\spine\CurveTimeline.cpp">
      <Filter>Source Files\thirdparty\spine-cpp\src\spine</Filter>
    </ClCompile>
    <ClCompile Include="..\..\thirdparty\spine-cpp\src\spine\DeformTimeline.cpp">
      <Filter>Source Files\thirdparty\spine-cpp\src\spine</Filter>
    </ClCompile>
    <ClCompile Include="..\..\thirdparty\spine-cpp\src\spine\DrawOrderTimeline.cpp">
      <Filter>Source Files\thirdparty\spine-cpp\src\spine</Filter>
    </ClCompile>
    <ClCompile Include="..\..\thirdparty\spine-cpp\src\spine\Event.cpp">
      <Filter>Source Files\thirdparty\spine-cpp\src\spine</Filter>
    </ClCompile>
    <ClCompile Include="..\..\thirdparty\spine-cpp\src\spine\EventData.cpp">
      <Filter>Source Files\thirdparty\spine-cpp\src\spine</Filter>
    </ClCompile>
    <ClCompile Include="..\..\thirdparty\spine-cpp\src\spine\EventTimeline.cpp">
      <Filter>Source Files\thirdparty\spine-cpp\src\spine</Filter>
    </ClCompile>
    <ClCompile Include="..\..\thirdparty\spine-cpp\src\spine\Extension.cpp">
      <Filter>Source Files\thirdparty\spine-cpp\src\spine</Filter>
    </ClCompile>
    <ClCompile Include="..\..\thirdparty\spine-cpp\src\spine\IkConstraint.cpp">
      <Filter>Source Files\thirdparty\spine-cpp\src\spine</Filter>
    </ClCompile>
    <ClCompile Include="..\..\thirdparty\spine-cpp\src\spine\IkConstraintData.cpp">
      <Filter>Source Files\thirdparty\spine-cpp\src\spine</Filter>
    </ClCompile>
    <ClCompile Include="..\..\thirdparty\spine-cpp\src\spine\IkConstraintTimeline.cpp">
      <Filter>Source Files\thirdparty\spine-cpp\src\spine</Filter>
    </ClCompile>
    <ClCompile Include="..\..\thirdparty\spine-cpp\src\spine\Json.cpp">
      <Filter>Source Files\thirdparty\spine-cpp\src\spine</Filter>
    </ClCompile>
    <ClCompile Include="..\..\thirdparty\spine-cpp\src\spine\LinkedMesh.cpp">
      <Filter>Source Files\thirdparty\spine-cpp\src\spine</Filter>
    </ClCompile>
    <ClCompile Include="..\..\thirdparty\spine-cpp\src\spine\Log.cpp">
      <Filter>Source Files\thirdparty\spine-cpp\src\spine</Filter>
    </ClCompile>
    <ClCompile Include="..\..\thirdparty\spine-cpp\src\spine\MathUtil.cpp">
      <Filter>Source Files\thirdparty\spine-cpp\src\spine</Filter>
    </ClCompile>
    <ClCompile Include="..\..\thirdparty\spine-cpp\src\spine\MeshAttachment.cpp">
      <Filter>Source Files\thirdparty\spine-cpp\src\spine</Filter>
    </ClCompile>
    <ClCompile Include="..\..\thirdparty\spine-cpp\src\spine\PathAttachment.cpp">
      <Filter>Source Files\thirdparty\spine-cpp\src\spine</Filter>
    </ClCompile>
    <ClCompile Include="..\..\thirdparty\spine-cpp\src\spine\PathConstraint.cpp">
      <Filter>Source Files\thirdparty\spine-cpp\src\spine</Filter>
    </ClCompile>
    <ClCompile Include="..\..\thirdparty\spine-cpp\src\spine\PathConstraintData.cpp">
      <Filter>Source Files\thirdparty\spine-cpp\src\spine</Filter>
    </ClCompile>
    <ClCompile Include="..\..\thirdparty\spine-cpp\src\spine\PathConstraintMixTimeline.cpp">
      <Filter>Source Files\thirdparty\spine-cpp\src\spine</Filter>
    </ClCompile>
    <ClCompile Include="..\..\thirdparty\spine-cpp\src\spine\PathConstraintPositionTimeline.cpp">
      <Filter>Source Files\thirdparty\spine-cpp\src\spine</Filter>
    </ClCompile>
    <ClCompile Include="..\..\thirdparty\spine-cpp\src\spine\PathConstraintSpacingTimeline.cpp">
      <Filter>Source Files\thirdparty\spine-cpp\src\spine</Filter>
    </ClCompile>
    <ClCompile Include="..\..\thirdparty\spine-cpp\src\spine\PointAttachment.cpp">
      <Filter>Source Files\thirdparty\spine-cpp\src\spine</Filter>
    </ClCompile>
    <ClCompile Include="..\..\thirdparty\spine-cpp\src\spine\RegionAttachment.cpp">
      <Filter>Source Files\thirdparty\spine-cpp\src\spine</Filter>
    </ClCompile>
    <ClCompile Include="..\..\thirdparty\spine-cpp\src\spine\RotateTimeline.cpp">
      <Filter>Source Files\thirdparty\spine-cpp\src\spine</Filter>
    </ClCompile>
    <ClCompile Include="..\..\thirdparty\spine-cpp\src\spine\RTTI.cpp">
      <Filter>Source Files\thirdparty\spine-cpp\src\spine</Filter>
    </ClCompile>
    <ClCompile Include="..\..\thirdparty\spine-cpp\src\spine\ScaleTimeline.cpp">
      <Filter>Source Files\thirdparty\spine-cpp\src\spine</Filter>
    </ClCompile>
    <ClCompile Include="..\..\thirdparty\spine-cpp\src\spine\Sequence.cpp">
      <Filter>Source Files\thirdparty\spine-cpp\src\spine</Filter>
    </ClCompile>
    <ClCompile Include="..\..\thirdparty\spine-cpp\src\spine\SequenceTimeline.cpp">
      <Filter>Source Files\thirdparty\spine-cpp\src\spine</Filter>
    </ClCompile>
    <ClCompile Include="..\..\thirdparty\spine-cpp\src\spine\ShearTimeline.cpp">
      <Filter>Source Files\thirdparty\spine-cpp\src\spine</Filter>
    </ClCompile>
    <ClCompile Include="..\..\thirdparty\spine-cpp\src\spine\Skeleton.cpp">
      <Filter>Source Files\thirdparty\spine-cpp\src\spine</Filter>
    </ClCompile>
    <ClCompile Include="..\..\thirdparty\spine-cpp\src\spine\SkeletonBinary.cpp">
      <Filter>Source Files\thirdparty\spine-cpp\src\spine</Filter>
    </ClCompile>
    <ClCompile Include="..\..\thirdparty\spine-cpp\src\spine\SkeletonBounds.cpp">
      <Filter>Source Files\thirdparty\spine-cpp\src\spine</Filter>
    </ClCompile>
    <ClCompile Include="..\..\thirdparty\spine-cpp\src\spine\SkeletonClipping.cpp">
      <Filter>Source Files\thirdparty\spine-cpp\src\spine</Filter>
    </ClCompile>
    <ClCompile Include="..\..\thirdparty\spine-cpp\src\spine\SkeletonData.cpp">
      <Filter>Source Files\thirdparty\spine-cpp\src\spine</Filter>
    </ClCompile>
    <ClCompile Include="..\..\thirdparty\spine-cpp\src\spine\SkeletonJson.cpp">
      <Filter>Source Files\thirdparty\spine-cpp\src\spine</Filter>
    </ClCompile>
    <ClCompile Include="..\..\thirdparty\spine-cpp\src\spine\Skin.cpp">
      <Filter>Source Files\thirdparty\spine-cpp\src\spine</Filter>
    </ClCompile>
    <ClCompile Include="..\..\thirdparty\spine-cpp\src\spine\Slot.cpp">
      <Filter>Source Files\thirdparty\spine-cpp\src\spine</Filter>
    </ClCompile>
    <ClCompile Include="..\..\thirdparty\spine-cpp\src\spine\SlotData.cpp">
      <Filter>Source Files\thirdparty\spine-cpp\src\spine</Filter>
    </ClCompile>
    <ClCompile Include="..\..\thirdparty\spine-cpp\src\spine\SpineObject.cpp">
      <Filter>Source Files\thirdparty\spine-cpp\src\spine</Filter>
    </ClCompile>
    <ClCompile Include="..\..\thirdparty\spine-cpp\src\spine\TextureLoader.cpp">
      <Filter>Source Files\thirdparty\spine-cpp\src\spine</Filter>
    </ClCompile>
    <ClCompile Include="..\..\thirdparty\spine-cpp\src\spine\Timeline.cpp">
      <Filter>Source Files\thirdparty\spine-cpp\src\spine</Filter>
    </ClCompile>
    <ClCompile Include="..\..\thirdparty\spine-cpp\src\spine\TransformConstraint.cpp">
      <Filter>Source Files\thirdparty\spine-cpp\src\spine</Filter>
    </ClCompile>
    <ClCompile Include="..\..\thirdparty\spine-cpp\src\spine\TransformConstraintData.cpp">
      <Filter>Source Files\thirdparty\spine-cpp\src\spine</Filter>
    </ClCompile>
    <ClCompile Include="..\..\thirdparty\spine-cpp\src\spine\TransformConstraintTimeline.cpp">
      <Filter>Source Files\thirdparty\spine-cpp\src\spine</Filter>
    </ClCompile>
    <ClCompile Include="..\..\thirdparty\spine-cpp\src\spine\TranslateTimeline.cpp">
      <Filter>Source Files\thirdparty\spine-cpp\src\spine</Filter>
    </ClCompile>
    <ClCompile Include="..\..\thirdparty\spine-cpp\src\spine\Triangulator.cpp">
      <Filter>Source Files\thirdparty\spine-cpp\src\spine</Filter>
    </ClCompile>
    <ClCompile Include="..\..\thirdparty\spine-cpp\src\spine\Updatable.cpp">
      <Filter>Source Files\thirdparty\spine-cpp\src\spine</Filter>
    </ClCompile>
    <ClCompile Include="..\..\thirdparty\spine-cpp\src\spine\VertexAttachment.cpp">
      <Filter>Source Files\thirdparty\spine-cpp\src\spine</Filter>
    </ClCompile>
    <ClCompile Include="..\..\snowpulse\common\color.cc">
      <Filter>Source Files\common</Filter>
    </ClCompile>
    <ClCompile Include="..\..\snowpulse\common\string_utils.cc">
      <Filter>Source Files\common</Filter>
    </ClCompile>
    <ClCompile Include="..\..\snowpulse\game\components\button.cc">
      <Filter>Source Files\game\components</Filter>
    </ClCompile>
    <ClCompile Include="..\..\snowpulse\game\components\particle_effects_renderer.cc">
      <Filter>Source Files\game\components</Filter>
    </ClCompile>
    <ClCompile Include="..\..\snowpulse\game\components\rect_renderer.cc">
      <Filter>Source Files\game\components</Filter>
    </ClCompile>
    <ClCompile Include="..\..\snowpulse\game\components\renderer.cc">
      <Filter>Source Files\game\components</Filter>
    </ClCompile>
    <ClCompile Include="..\..\snowpulse\game\components\tiled_renderer.cc">
      <Filter>Source Files\game\components</Filter>
    </ClCompile>
    <ClCompile Include="..\..\snowpulse\game\features\particle_system\particle_system.cc">
      <Filter>Source Files\game\features\particle_system</Filter>
    </ClCompile>
    <ClCompile Include="..\..\snowpulse\game\features\particle_system\particle_system_settings.cc">
      <Filter>Source Files\game\features\particle_system</Filter>
    </ClCompile>
    <ClCompile Include="..\..\snowpulse\game\features\tiled\tiled_map.cc">
      <Filter>Source Files\game\features\tiled</Filter>
    </ClCompile>
    <ClCompile Include="..\..\snowpulse\game\prefabs\prefab_button.cc">
      <Filter>Source Files\game\prefabs</Filter>
    </ClCompile>
    <ClCompile Include="..\..\thirdparty\tinyfiledialogs\tinyfiledialogs.c">
      <Filter>Source Files\thirdparty\tinyfiledialogs</Filter>
    </ClCompile>
    <ClCompile Include="..\..\snowpulse\game\features\spine\spine_skeleton_animation.cc">
      <Filter>Source Files\game\features\spine</Filter>
    </ClCompile>
    <ClCompile Include="..\..\snowpulse\game\features\spine\spine_texture_loader.cc">
      <Filter>Source Files\game\features\spine</Filter>
    </ClCompile>
  </ItemGroup>
  <ItemGroup>
    <Text Include="..\..\thirdparty\imgui\LICENSE.txt">
      <Filter>Source Files\thirdparty\imgui</Filter>
    </Text>
  </ItemGroup>
</Project>